
Microsoft Visual Studio Solution File, Format Version 12.00
# Visual Studio Version 17
VisualStudioVersion = 17.5.002.0
MinimumVisualStudioVersion = 10.0.40219.1
Project("{9A19103F-16F7-4668-BE54-9A1E7A4F7556}") = "AS", "AS.csproj", "{8CD3E23E-7C6D-45FB-AB7D-11E1AE19BD4F}"
EndProject
Global
	GlobalSection(SolutionConfigurationPlatforms) = preSolution
		Debug|Any CPU = Debug|Any CPU
		Release|Any CPU = Release|Any CPU
	EndGlobalSection
	GlobalSection(ProjectConfigurationPlatforms) = postSolution
		{8CD3E23E-7C6D-45FB-AB7D-11E1AE19BD4F}.Debug|Any CPU.ActiveCfg = Debug|Any CPU
		{8CD3E23E-7C6D-45FB-AB7D-11E1AE19BD4F}.Debug|Any CPU.Build.0 = Debug|Any CPU
		{8CD3E23E-7C6D-45FB-AB7D-11E1AE19BD4F}.Release|Any CPU.ActiveCfg = Release|Any CPU
		{8CD3E23E-7C6D-45FB-AB7D-11E1AE19BD4F}.Release|Any CPU.Build.0 = Release|Any CPU
	EndGlobalSection
	GlobalSection(SolutionProperties) = preSolution
		HideSolutionNode = FALSE
	EndGlobalSection
	GlobalSection(ExtensibilityGlobals) = postSolution
		SolutionGuid = {A9E90FC4-F730-459C-9834-891CBDA44704}
	EndGlobalSection
EndGlobal
